
Microsoft Visual Studio Solution File, Format Version 12.00
# Visual Studio Version 17
VisualStudioVersion = 17.0.31903.59
MinimumVisualStudioVersion = 10.0.40219.1
Project("{2150E333-8FDC-42A3-9474-1A3956D46DE8}") = "src", "src", "{827E0CD3-B72D-47B6-A68D-7590B98EB39B}"
EndProject
Project("{FAE04EC0-301F-11D3-BF4B-00C04F79EFBC}") = "FocusLock.Core", "src\FocusLock.Core\FocusLock.Core.csproj", "{09D9273E-629E-4E62-B0CB-B996DD138AA9}"
EndProject
Project("{FAE04EC0-301F-11D3-BF4B-00C04F79EFBC}") = "FocusLock.Service", "src\FocusLock.Service\FocusLock.Service.csproj", "{34DC6C2E-B6DF-4468-95EB-6EFA8F7C5250}"
EndProject
Project("{FAE04EC0-301F-11D3-BF4B-00C04F79EFBC}") = "FocusLock.UI", "src\FocusLock.UI\FocusLock.UI.csproj", "{9698E44E-0F23-4FB5-817A-6A791EAAC019}"
EndProject
Project("{FAE04EC0-301F-11D3-BF4B-00C04F79EFBC}") = "FocusLock.BlockerStub", "src\FocusLock.BlockerStub\FocusLock.BlockerStub.csproj", "{81C4815B-5AAB-40C3-BFB3-8FCF5F75F768}"
EndProject
Project("{FAE04EC0-301F-11D3-BF4B-00C04F79EFBC}") = "FocusLock.Core.Tests", "tests\FocusLock.Core.Tests\FocusLock.Core.Tests.csproj", "{ECDE6885-C850-4C36-856C-E8F1ABD72544}"
EndProject
Project("{FAE04EC0-301F-11D3-BF4B-00C04F79EFBC}") = "FocusLock.Service.Tests", "tests\FocusLock.Service.Tests\FocusLock.Service.Tests.csproj", "{7C806309-8FB8-495E-92F7-55AB0C5AE63B}"
EndProject
Project("{2150E333-8FDC-42A3-9474-1A3956D46DE8}") = "installer", "installer", "{1860D2E4-5C43-71D5-59A5-599A4DE1DF67}"
EndProject
Project("{930C7802-8A8C-48F9-8165-68863BCCD9DD}") = "FocusLock.Installer", "installer\FocusLock.Installer\FocusLock.Installer.wixproj", "{65F352CB-1878-4A08-97B4-7C6BEA22C981}"
EndProject
Global
	GlobalSection(SolutionConfigurationPlatforms) = preSolution
		Debug|Any CPU = Debug|Any CPU
		Debug|x64 = Debug|x64
		Debug|x86 = Debug|x86
		Release|Any CPU = Release|Any CPU
		Release|x64 = Release|x64
		Release|x86 = Release|x86
	EndGlobalSection
	GlobalSection(ProjectConfigurationPlatforms) = postSolution
		{09D9273E-629E-4E62-B0CB-B996DD138AA9}.Debug|Any CPU.ActiveCfg = Debug|Any CPU
		{09D9273E-629E-4E62-B0CB-B996DD138AA9}.Debug|Any CPU.Build.0 = Debug|Any CPU
		{09D9273E-629E-4E62-B0CB-B996DD138AA9}.Debug|x64.ActiveCfg = Debug|Any CPU
		{09D9273E-629E-4E62-B0CB-B996DD138AA9}.Debug|x64.Build.0 = Debug|Any CPU
		{09D9273E-629E-4E62-B0CB-B996DD138AA9}.Debug|x86.ActiveCfg = Debug|Any CPU
		{09D9273E-629E-4E62-B0CB-B996DD138AA9}.Debug|x86.Build.0 = Debug|Any CPU
		{09D9273E-629E-4E62-B0CB-B996DD138AA9}.Release|Any CPU.ActiveCfg = Release|Any CPU
		{09D9273E-629E-4E62-B0CB-B996DD138AA9}.Release|Any CPU.Build.0 = Release|Any CPU
		{09D9273E-629E-4E62-B0CB-B996DD138AA9}.Release|x64.ActiveCfg = Release|Any CPU
		{09D9273E-629E-4E62-B0CB-B996DD138AA9}.Release|x64.Build.0 = Release|Any CPU
		{09D9273E-629E-4E62-B0CB-B996DD138AA9}.Release|x86.ActiveCfg = Release|Any CPU
		{09D9273E-629E-4E62-B0CB-B996DD138AA9}.Release|x86.Build.0 = Release|Any CPU
		{34DC6C2E-B6DF-4468-95EB-6EFA8F7C5250}.Debug|Any CPU.ActiveCfg = Debug|Any CPU
		{34DC6C2E-B6DF-4468-95EB-6EFA8F7C5250}.Debug|Any CPU.Build.0 = Debug|Any CPU
		{34DC6C2E-B6DF-4468-95EB-6EFA8F7C5250}.Debug|x64.ActiveCfg = Debug|Any CPU
		{34DC6C2E-B6DF-4468-95EB-6EFA8F7C5250}.Debug|x64.Build.0 = Debug|Any CPU
		{34DC6C2E-B6DF-4468-95EB-6EFA8F7C5250}.Debug|x86.ActiveCfg = Debug|Any CPU
		{34DC6C2E-B6DF-4468-95EB-6EFA8F7C5250}.Debug|x86.Build.0 = Debug|Any CPU
		{34DC6C2E-B6DF-4468-95EB-6EFA8F7C5250}.Release|Any CPU.ActiveCfg = Release|Any CPU
		{34DC6C2E-B6DF-4468-95EB-6EFA8F7C5250}.Release|Any CPU.Build.0 = Release|Any CPU
		{34DC6C2E-B6DF-4468-95EB-6EFA8F7C5250}.Release|x64.ActiveCfg = Release|Any CPU
		{34DC6C2E-B6DF-4468-95EB-6EFA8F7C5250}.Release|x64.Build.0 = Release|Any CPU
		{34DC6C2E-B6DF-4468-95EB-6EFA8F7C5250}.Release|x86.ActiveCfg = Release|Any CPU
		{34DC6C2E-B6DF-4468-95EB-6EFA8F7C5250}.Release|x86.Build.0 = Release|Any CPU
		{9698E44E-0F23-4FB5-817A-6A791EAAC019}.Debug|Any CPU.ActiveCfg = Debug|Any CPU
		{9698E44E-0F23-4FB5-817A-6A791EAAC019}.Debug|Any CPU.Build.0 = Debug|Any CPU
		{9698E44E-0F23-4FB5-817A-6A791EAAC019}.Debug|x64.ActiveCfg = Debug|Any CPU
		{9698E44E-0F23-4FB5-817A-6A791EAAC019}.Debug|x64.Build.0 = Debug|Any CPU
		{9698E44E-0F23-4FB5-817A-6A791EAAC019}.Debug|x86.ActiveCfg = Debug|Any CPU
		{9698E44E-0F23-4FB5-817A-6A791EAAC019}.Debug|x86.Build.0 = Debug|Any CPU
		{9698E44E-0F23-4FB5-817A-6A791EAAC019}.Release|Any CPU.ActiveCfg = Release|Any CPU
		{9698E44E-0F23-4FB5-817A-6A791EAAC019}.Release|Any CPU.Build.0 = Release|Any CPU
		{9698E44E-0F23-4FB5-817A-6A791EAAC019}.Release|x64.ActiveCfg = Release|Any CPU
		{9698E44E-0F23-4FB5-817A-6A791EAAC019}.Release|x64.Build.0 = Release|Any CPU
		{9698E44E-0F23-4FB5-817A-6A791EAAC019}.Release|x86.ActiveCfg = Release|Any CPU
		{9698E44E-0F23-4FB5-817A-6A791EAAC019}.Release|x86.Build.0 = Release|Any CPU
		{81C4815B-5AAB-40C3-BFB3-8FCF5F75F768}.Debug|Any CPU.ActiveCfg = Debug|Any CPU
		{81C4815B-5AAB-40C3-BFB3-8FCF5F75F768}.Debug|Any CPU.Build.0 = Debug|Any CPU
		{81C4815B-5AAB-40C3-BFB3-8FCF5F75F768}.Debug|x64.ActiveCfg = Debug|Any CPU
		{81C4815B-5AAB-40C3-BFB3-8FCF5F75F768}.Debug|x64.Build.0 = Debug|Any CPU
		{81C4815B-5AAB-40C3-BFB3-8FCF5F75F768}.Debug|x86.ActiveCfg = Debug|Any CPU
		{81C4815B-5AAB-40C3-BFB3-8FCF5F75F768}.Debug|x86.Build.0 = Debug|Any CPU
		{81C4815B-5AAB-40C3-BFB3-8FCF5F75F768}.Release|Any CPU.ActiveCfg = Release|Any CPU
		{81C4815B-5AAB-40C3-BFB3-8FCF5F75F768}.Release|Any CPU.Build.0 = Release|Any CPU
		{81C4815B-5AAB-40C3-BFB3-8FCF5F75F768}.Release|x64.ActiveCfg = Release|Any CPU
		{81C4815B-5AAB-40C3-BFB3-8FCF5F75F768}.Release|x64.Build.0 = Release|Any CPU
		{81C4815B-5AAB-40C3-BFB3-8FCF5F75F768}.Release|x86.ActiveCfg = Release|Any CPU
		{81C4815B-5AAB-40C3-BFB3-8FCF5F75F768}.Release|x86.Build.0 = Release|Any CPU
		{ECDE6885-C850-4C36-856C-E8F1ABD72544}.Debug|Any CPU.ActiveCfg = Debug|Any CPU
		{ECDE6885-C850-4C36-856C-E8F1ABD72544}.Debug|Any CPU.Build.0 = Debug|Any CPU
		{ECDE6885-C850-4C36-856C-E8F1ABD72544}.Debug|x64.ActiveCfg = Debug|Any CPU
		{ECDE6885-C850-4C36-856C-E8F1ABD72544}.Debug|x64.Build.0 = Debug|Any CPU
		{ECDE6885-C850-4C36-856C-E8F1ABD72544}.Debug|x86.ActiveCfg = Debug|Any CPU
		{ECDE6885-C850-4C36-856C-E8F1ABD72544}.Debug|x86.Build.0 = Debug|Any CPU
		{ECDE6885-C850-4C36-856C-E8F1ABD72544}.Release|Any CPU.ActiveCfg = Release|Any CPU
		{ECDE6885-C850-4C36-856C-E8F1ABD72544}.Release|Any CPU.Build.0 = Release|Any CPU
		{ECDE6885-C850-4C36-856C-E8F1ABD72544}.Release|x64.ActiveCfg = Release|Any CPU
		{ECDE6885-C850-4C36-856C-E8F1ABD72544}.Release|x64.Build.0 = Release|Any CPU
		{ECDE6885-C850-4C36-856C-E8F1ABD72544}.Release|x86.ActiveCfg = Release|Any CPU
		{ECDE6885-C850-4C36-856C-E8F1ABD72544}.Release|x86.Build.0 = Release|Any CPU
		{7C806309-8FB8-495E-92F7-55AB0C5AE63B}.Debug|Any CPU.ActiveCfg = Debug|Any CPU
		{7C806309-8FB8-495E-92F7-55AB0C5AE63B}.Debug|Any CPU.Build.0 = Debug|Any CPU
		{7C806309-8FB8-495E-92F7-55AB0C5AE63B}.Debug|x64.ActiveCfg = Debug|Any CPU
		{7C806309-8FB8-495E-92F7-55AB0C5AE63B}.Debug|x64.Build.0 = Debug|Any CPU
		{7C806309-8FB8-495E-92F7-55AB0C5AE63B}.Debug|x86.ActiveCfg = Debug|Any CPU
		{7C806309-8FB8-495E-92F7-55AB0C5AE63B}.Debug|x86.Build.0 = Debug|Any CPU
		{7C806309-8FB8-495E-92F7-55AB0C5AE63B}.Release|Any CPU.ActiveCfg = Release|Any CPU
		{7C806309-8FB8-495E-92F7-55AB0C5AE63B}.Release|Any CPU.Build.0 = Release|Any CPU
		{7C806309-8FB8-495E-92F7-55AB0C5AE63B}.Release|x64.ActiveCfg = Release|Any CPU
		{7C806309-8FB8-495E-92F7-55AB0C5AE63B}.Release|x64.Build.0 = Release|Any CPU
		{7C806309-8FB8-495E-92F7-55AB0C5AE63B}.Release|x86.ActiveCfg = Release|Any CPU
		{7C806309-8FB8-495E-92F7-55AB0C5AE63B}.Release|x86.Build.0 = Release|Any CPU
		{65F352CB-1878-4A08-97B4-7C6BEA22C981}.Debug|Any CPU.ActiveCfg = Debug|Any CPU
		{65F352CB-1878-4A08-97B4-7C6BEA22C981}.Debug|x64.ActiveCfg = Debug|Any CPU
		{65F352CB-1878-4A08-97B4-7C6BEA22C981}.Debug|x86.ActiveCfg = Debug|Any CPU
		{65F352CB-1878-4A08-97B4-7C6BEA22C981}.Release|Any CPU.ActiveCfg = Release|Any CPU
		{65F352CB-1878-4A08-97B4-7C6BEA22C981}.Release|x64.ActiveCfg = Release|Any CPU
		{65F352CB-1878-4A08-97B4-7C6BEA22C981}.Release|x86.ActiveCfg = Release|Any CPU
	EndGlobalSection
	GlobalSection(SolutionProperties) = preSolution
		HideSolutionNode = FALSE
	EndGlobalSection
	GlobalSection(NestedProjects) = preSolution
		{09D9273E-629E-4E62-B0CB-B996DD138AA9} = {827E0CD3-B72D-47B6-A68D-7590B98EB39B}
		{34DC6C2E-B6DF-4468-95EB-6EFA8F7C5250} = {827E0CD3-B72D-47B6-A68D-7590B98EB39B}
		{9698E44E-0F23-4FB5-817A-6A791EAAC019} = {827E0CD3-B72D-47B6-A68D-7590B98EB39B}
		{81C4815B-5AAB-40C3-BFB3-8FCF5F75F768} = {827E0CD3-B72D-47B6-A68D-7590B98EB39B}
		{ECDE6885-C850-4C36-856C-E8F1ABD72544} = {827E0CD3-B72D-47B6-A68D-7590B98EB39B}
		{7C806309-8FB8-495E-92F7-55AB0C5AE63B} = {827E0CD3-B72D-47B6-A68D-7590B98EB39B}
		{65F352CB-1878-4A08-97B4-7C6BEA22C981} = {1860D2E4-5C43-71D5-59A5-599A4DE1DF67}
	EndGlobalSection
EndGlobal
